// !$*UTF8*$!
{
	archiveVersion = 1;
	classes = {
	};
	objectVersion = 46;
	objects = {

/* Begin PBXBuildFile section */
		56AAA8091DED23C70068BF4A /* bubble.png in Resources */ = {isa = PBXBuildFile; fileRef = 56AAA8051DED23C70068BF4A /* bubble.png */; };
		56AAA80A1DED23C70068BF4A /* propeller.png in Resources */ = {isa = PBXBuildFile; fileRef = 56AAA8061DED23C70068BF4A /* propeller.png */; };
		56AAA80B1DED23C70068BF4A /* ring.png in Resources */ = {isa = PBXBuildFile; fileRef = 56AAA8071DED23C70068BF4A /* ring.png */; };
		56AAA80C1DED23C70068BF4A /* submarine.png in Resources */ = {isa = PBXBuildFile; fileRef = 56AAA8081DED23C70068BF4A /* submarine.png */; };
		56AAA80E1DED3DDA0068BF4A /* smw_coin.wav in Resources */ = {isa = PBXBuildFile; fileRef = 56AAA80D1DED3DDA0068BF4A /* smw_coin.wav */; };
		56BF77E61DDA7E3F00F117A9 /* AppDelegate.swift in Sources */ = {isa = PBXBuildFile; fileRef = 56BF77E51DDA7E3F00F117A9 /* AppDelegate.swift */; };
		56BF77E81DDA7E3F00F117A9 /* ViewController.swift in Sources */ = {isa = PBXBuildFile; fileRef = 56BF77E71DDA7E3F00F117A9 /* ViewController.swift */; };
		56BF77EA1DDA7E3F00F117A9 /* Assets.xcassets in Resources */ = {isa = PBXBuildFile; fileRef = 56BF77E91DDA7E3F00F117A9 /* Assets.xcassets */; };
		56BF77ED1DDA7E3F00F117A9 /* Main.storyboard in Resources */ = {isa = PBXBuildFile; fileRef = 56BF77EB1DDA7E3F00F117A9 /* Main.storyboard */; };
		56BF77F61DDA7EE000F117A9 /* SpriteKit.framework in Frameworks */ = {isa = PBXBuildFile; fileRef = 56BF77F51DDA7EE000F117A9 /* SpriteKit.framework */; };
		56BF77F81DDA816800F117A9 /* MenuScene.swift in Sources */ = {isa = PBXBuildFile; fileRef = 56BF77F71DDA816800F117A9 /* MenuScene.swift */; };
		56BF77FA1DDA820600F117A9 /* SubmarineScene.swift in Sources */ = {isa = PBXBuildFile; fileRef = 56BF77F91DDA820600F117A9 /* SubmarineScene.swift */; };
/* End PBXBuildFile section */

/* Begin PBXFileReference section */
		56AAA8051DED23C70068BF4A /* bubble.png */ = {isa = PBXFileReference; lastKnownFileType = image.png; path = bubble.png; sourceTree = "<group>"; };
		56AAA8061DED23C70068BF4A /* propeller.png */ = {isa = PBXFileReference; lastKnownFileType = image.png; path = propeller.png; sourceTree = "<group>"; };
		56AAA8071DED23C70068BF4A /* ring.png */ = {isa = PBXFileReference; lastKnownFileType = image.png; path = ring.png; sourceTree = "<group>"; };
		56AAA8081DED23C70068BF4A /* submarine.png */ = {isa = PBXFileReference; lastKnownFileType = image.png; path = submarine.png; sourceTree = "<group>"; };
		56AAA80D1DED3DDA0068BF4A /* smw_coin.wav */ = {isa = PBXFileReference; lastKnownFileType = audio.wav; path = smw_coin.wav; sourceTree = "<group>"; };
		56BF77E21DDA7E3F00F117A9 /* SpriteGame.app */ = {isa = PBXFileReference; explicitFileType = wrapper.application; includeInIndex = 0; path = SpriteGame.app; sourceTree = BUILT_PRODUCTS_DIR; };
		56BF77E51DDA7E3F00F117A9 /* AppDelegate.swift */ = {isa = PBXFileReference; lastKnownFileType = sourcecode.swift; path = AppDelegate.swift; sourceTree = "<group>"; };
		56BF77E71DDA7E3F00F117A9 /* ViewController.swift */ = {isa = PBXFileReference; lastKnownFileType = sourcecode.swift; path = ViewController.swift; sourceTree = "<group>"; };
		56BF77E91DDA7E3F00F117A9 /* Assets.xcassets */ = {isa = PBXFileReference; lastKnownFileType = folder.assetcatalog; path = Assets.xcassets; sourceTree = "<group>"; };
		56BF77EC1DDA7E3F00F117A9 /* Base */ = {isa = PBXFileReference; lastKnownFileType = file.storyboard; name = Base; path = Base.lproj/Main.storyboard; sourceTree = "<group>"; };
		56BF77EE1DDA7E3F00F117A9 /* Info.plist */ = {isa = PBXFileReference; lastKnownFileType = text.plist.xml; path = Info.plist; sourceTree = "<group>"; };
		56BF77F51DDA7EE000F117A9 /* SpriteKit.framework */ = {isa = PBXFileReference; lastKnownFileType = wrapper.framework; name = SpriteKit.framework; path = System/Library/Frameworks/SpriteKit.framework; sourceTree = SDKROOT; };
		56BF77F71DDA816800F117A9 /* MenuScene.swift */ = {isa = PBXFileReference; fileEncoding = 4; lastKnownFileType = sourcecode.swift; path = MenuScene.swift; sourceTree = "<group>"; };
		56BF77F91DDA820600F117A9 /* SubmarineScene.swift */ = {isa = PBXFileReference; fileEncoding = 4; lastKnownFileType = sourcecode.swift; path = SubmarineScene.swift; sourceTree = "<group>"; };
/* End PBXFileReference section */

/* Begin PBXFrameworksBuildPhase section */
		56BF77DF1DDA7E3F00F117A9 /* Frameworks */ = {
			isa = PBXFrameworksBuildPhase;
			buildActionMask = 2147483647;
			files = (
				56BF77F61DDA7EE000F117A9 /* SpriteKit.framework in Frameworks */,
			);
			runOnlyForDeploymentPostprocessing = 0;
		};
/* End PBXFrameworksBuildPhase section */

/* Begin PBXGroup section */
		56BF77D91DDA7E3F00F117A9 = {
			isa = PBXGroup;
			children = (
				56BF77E41DDA7E3F00F117A9 /* SpriteGame */,
				56BF77E31DDA7E3F00F117A9 /* Products */,
				56BF77F41DDA7EE000F117A9 /* Frameworks */,
			);
			sourceTree = "<group>";
		};
		56BF77E31DDA7E3F00F117A9 /* Products */ = {
			isa = PBXGroup;
			children = (
				56BF77E21DDA7E3F00F117A9 /* SpriteGame.app */,
			);
			name = Products;
			sourceTree = "<group>";
		};
		56BF77E41DDA7E3F00F117A9 /* SpriteGame */ = {
			isa = PBXGroup;
			children = (
				56BF77E51DDA7E3F00F117A9 /* AppDelegate.swift */,
				56BF77E71DDA7E3F00F117A9 /* ViewController.swift */,
				56BF77E91DDA7E3F00F117A9 /* Assets.xcassets */,
				56BF77EB1DDA7E3F00F117A9 /* Main.storyboard */,
				56BF77EE1DDA7E3F00F117A9 /* Info.plist */,
				56BF77F71DDA816800F117A9 /* MenuScene.swift */,
				56BF77F91DDA820600F117A9 /* SubmarineScene.swift */,
				56AAA8051DED23C70068BF4A /* bubble.png */,
				56AAA8061DED23C70068BF4A /* propeller.png */,
				56AAA80D1DED3DDA0068BF4A /* smw_coin.wav */,
				56AAA8071DED23C70068BF4A /* ring.png */,
				56AAA8081DED23C70068BF4A /* submarine.png */,
			);
			path = SpriteGame;
			sourceTree = "<group>";
		};
		56BF77F41DDA7EE000F117A9 /* Frameworks */ = {
			isa = PBXGroup;
			children = (
				56BF77F51DDA7EE000F117A9 /* SpriteKit.framework */,
			);
			name = Frameworks;
			sourceTree = "<group>";
		};
/* End PBXGroup section */

/* Begin PBXNativeTarget section */
		56BF77E11DDA7E3F00F117A9 /* SpriteGame */ = {
			isa = PBXNativeTarget;
			buildConfigurationList = 56BF77F11DDA7E3F00F117A9 /* Build configuration list for PBXNativeTarget "SpriteGame" */;
			buildPhases = (
				56BF77DE1DDA7E3F00F117A9 /* Sources */,
				56BF77DF1DDA7E3F00F117A9 /* Frameworks */,
				56BF77E01DDA7E3F00F117A9 /* Resources */,
			);
			buildRules = (
			);
			dependencies = (
			);
			name = SpriteGame;
			productName = SpriteGame;
			productReference = 56BF77E21DDA7E3F00F117A9 /* SpriteGame.app */;
			productType = "com.apple.product-type.application";
		};
/* End PBXNativeTarget section */

/* Begin PBXProject section */
		56BF77DA1DDA7E3F00F117A9 /* Project object */ = {
			isa = PBXProject;
			attributes = {
				LastSwiftUpdateCheck = 0810;
				LastUpgradeCheck = 0810;
				ORGANIZATIONNAME = "Kirsten Bauman";
				TargetAttributes = {
					56BF77E11DDA7E3F00F117A9 = {
						CreatedOnToolsVersion = 8.1;
						ProvisioningStyle = Automatic;
					};
				};
			};
			buildConfigurationList = 56BF77DD1DDA7E3F00F117A9 /* Build configuration list for PBXProject "SpriteGame" */;
			compatibilityVersion = "Xcode 3.2";
			developmentRegion = English;
			hasScannedForEncodings = 0;
			knownRegions = (
				en,
				Base,
			);
			mainGroup = 56BF77D91DDA7E3F00F117A9;
			productRefGroup = 56BF77E31DDA7E3F00F117A9 /* Products */;
			projectDirPath = "";
			projectRoot = "";
			targets = (
				56BF77E11DDA7E3F00F117A9 /* SpriteGame */,
			);
		};
/* End PBXProject section */

/* Begin PBXResourcesBuildPhase section */
		56BF77E01DDA7E3F00F117A9 /* Resources */ = {
			isa = PBXResourcesBuildPhase;
			buildActionMask = 2147483647;
			files = (
				56BF77EA1DDA7E3F00F117A9 /* Assets.xcassets in Resources */,
				56AAA80B1DED23C70068BF4A /* ring.png in Resources */,
				56AAA80E1DED3DDA0068BF4A /* smw_coin.wav in Resources */,
				56AAA80A1DED23C70068BF4A /* propeller.png in Resources */,
				56BF77ED1DDA7E3F00F117A9 /* Main.storyboard in Resources */,
				56AAA80C1DED23C70068BF4A /* submarine.png in Resources */,
				56AAA8091DED23C70068BF4A /* bubble.png in Resources */,
			);
			runOnlyForDeploymentPostprocessing = 0;
		};
/* End PBXResourcesBuildPhase section */

/* Begin PBXSourcesBuildPhase section */
		56BF77DE1DDA7E3F00F117A9 /* Sources */ = {
			isa = PBXSourcesBuildPhase;
			buildActionMask = 2147483647;
			files = (
				56BF77F81DDA816800F117A9 /* MenuScene.swift in Sources */,
				56BF77E81DDA7E3F00F117A9 /* ViewController.swift in Sources */,
				56BF77E61DDA7E3F00F117A9 /* AppDelegate.swift in Sources */,
				56BF77FA1DDA820600F117A9 /* SubmarineScene.swift in Sources */,
			);
			runOnlyForDeploymentPostprocessing = 0;
		};
/* End PBXSourcesBuildPhase section */

/* Begin PBXVariantGroup section */
		56BF77EB1DDA7E3F00F117A9 /* Main.storyboard */ = {
			isa = PBXVariantGroup;
			children = (
				56BF77EC1DDA7E3F00F117A9 /* Base */,
			);
			name = Main.storyboard;
			sourceTree = "<group>";
		};
/* End PBXVariantGroup section */

/* Begin XCBuildConfiguration section */
		56BF77EF1DDA7E3F00F117A9 /* Debug */ = {
			isa = XCBuildConfiguration;
			buildSettings = {
				ALWAYS_SEARCH_USER_PATHS = NO;
				CLANG_ANALYZER_NONNULL = YES;
				CLANG_CXX_LANGUAGE_STANDARD = "gnu++0x";
				CLANG_CXX_LIBRARY = "libc++";
				CLANG_ENABLE_MODULES = YES;
				CLANG_ENABLE_OBJC_ARC = YES;
				CLANG_WARN_BOOL_CONVERSION = YES;
				CLANG_WARN_CONSTANT_CONVERSION = YES;
				CLANG_WARN_DIRECT_OBJC_ISA_USAGE = YES_ERROR;
				CLANG_WARN_DOCUMENTATION_COMMENTS = YES;
				CLANG_WARN_EMPTY_BODY = YES;
				CLANG_WARN_ENUM_CONVERSION = YES;
				CLANG_WARN_INFINITE_RECURSION = YES;
				CLANG_WARN_INT_CONVERSION = YES;
				CLANG_WARN_OBJC_ROOT_CLASS = YES_ERROR;
				CLANG_WARN_SUSPICIOUS_MOVES = YES;
				CLANG_WARN_UNREACHABLE_CODE = YES;
				CLANG_WARN__DUPLICATE_METHOD_MATCH = YES;
				CODE_SIGN_IDENTITY = "-";
				COPY_PHASE_STRIP = NO;
				DEBUG_INFORMATION_FORMAT = dwarf;
				ENABLE_STRICT_OBJC_MSGSEND = YES;
				ENABLE_TESTABILITY = YES;
				GCC_C_LANGUAGE_STANDARD = gnu99;
				GCC_DYNAMIC_NO_PIC = NO;
				GCC_NO_COMMON_BLOCKS = YES;
				GCC_OPTIMIZATION_LEVEL = 0;
				GCC_PREPROCESSOR_DEFINITIONS = (
					"DEBUG=1",
					"$(inherited)",
				);
				GCC_WARN_64_TO_32_BIT_CONVERSION = YES;
				GCC_WARN_ABOUT_RETURN_TYPE = YES_ERROR;
				GCC_WARN_UNDECLARED_SELECTOR = YES;
				GCC_WARN_UNINITIALIZED_AUTOS = YES_AGGRESSIVE;
				GCC_WARN_UNUSED_FUNCTION = YES;
				GCC_WARN_UNUSED_VARIABLE = YES;
				MACOSX_DEPLOYMENT_TARGET = 10.11;
				MTL_ENABLE_DEBUG_INFO = YES;
				ONLY_ACTIVE_ARCH = YES;
				SDKROOT = macosx;
				SWIFT_ACTIVE_COMPILATION_CONDITIONS = DEBUG;
				SWIFT_OPTIMIZATION_LEVEL = "-Onone";
			};
			name = Debug;
		};
		56BF77F01DDA7E3F00F117A9 /* Release */ = {
			isa = XCBuildConfiguration;
			buildSettings = {
				ALWAYS_SEARCH_USER_PATHS = NO;
				CLANG_ANALYZER_NONNULL = YES;
				CLANG_CXX_LANGUAGE_STANDARD = "gnu++0x";
				CLANG_CXX_LIBRARY = "libc++";
				CLANG_ENABLE_MODULES = YES;
				CLANG_ENABLE_OBJC_ARC = YES;
				CLANG_WARN_BOOL_CONVERSION = YES;
				CLANG_WARN_CONSTANT_CONVERSION = YES;
				CLANG_WARN_DIRECT_OBJC_ISA_USAGE = YES_ERROR;
				CLANG_WARN_DOCUMENTATION_COMMENTS = YES;
				CLANG_WARN_EMPTY_BODY = YES;
				CLANG_WARN_ENUM_CONVERSION = YES;
				CLANG_WARN_INFINITE_RECURSION = YES;
				CLANG_WARN_INT_CONVERSION = YES;
				CLANG_WARN_OBJC_ROOT_CLASS = YES_ERROR;
				CLANG_WARN_SUSPICIOUS_MOVES = YES;
				CLANG_WARN_UNREACHABLE_CODE = YES;
				CLANG_WARN__DUPLICATE_METHOD_MATCH = YES;
				CODE_SIGN_IDENTITY = "-";
				COPY_PHASE_STRIP = NO;
				DEBUG_INFORMATION_FORMAT = "dwarf-with-dsym";
				ENABLE_NS_ASSERTIONS = NO;
				ENABLE_STRICT_OBJC_MSGSEND = YES;
				GCC_C_LANGUAGE_STANDARD = gnu99;
				GCC_NO_COMMON_BLOCKS = YES;
				GCC_WARN_64_TO_32_BIT_CONVERSION = YES;
				GCC_WARN_ABOUT_RETURN_TYPE = YES_ERROR;
				GCC_WARN_UNDECLARED_SELECTOR = YES;
				GCC_WARN_UNINITIALIZED_AUTOS = YES_AGGRESSIVE;
				GCC_WARN_UNUSED_FUNCTION = YES;
				GCC_WARN_UNUSED_VARIABLE = YES;
				MACOSX_DEPLOYMENT_TARGET = 10.11;
				MTL_ENABLE_DEBUG_INFO = NO;
				SDKROOT = macosx;
				SWIFT_OPTIMIZATION_LEVEL = "-Owholemodule";
			};
			name = Release;
		};
		56BF77F21DDA7E3F00F117A9 /* Debug */ = {
			isa = XCBuildConfiguration;
			buildSettings = {
				ASSETCATALOG_COMPILER_APPICON_NAME = AppIcon;
				COMBINE_HIDPI_IMAGES = YES;
				INFOPLIST_FILE = SpriteGame/Info.plist;
				LD_RUNPATH_SEARCH_PATHS = "$(inherited) @executable_path/../Frameworks";
				PRODUCT_BUNDLE_IDENTIFIER = ame430.SpriteGame;
				PRODUCT_NAME = "$(TARGET_NAME)";
				SWIFT_VERSION = 3.0;
			};
			name = Debug;
		};
		56BF77F31DDA7E3F00F117A9 /* Release */ = {
			isa = XCBuildConfiguration;
			buildSettings = {
				ASSETCATALOG_COMPILER_APPICON_NAME = AppIcon;
				COMBINE_HIDPI_IMAGES = YES;
				INFOPLIST_FILE = SpriteGame/Info.plist;
				LD_RUNPATH_SEARCH_PATHS = "$(inherited) @executable_path/../Frameworks";
				PRODUCT_BUNDLE_IDENTIFIER = ame430.SpriteGame;
				PRODUCT_NAME = "$(TARGET_NAME)";
				SWIFT_VERSION = 3.0;
			};
			name = Release;
		};
/* End XCBuildConfiguration section */

/* Begin XCConfigurationList section */
		56BF77DD1DDA7E3F00F117A9 /* Build configuration list for PBXProject "SpriteGame" */ = {
			isa = XCConfigurationList;
			buildConfigurations = (
				56BF77EF1DDA7E3F00F117A9 /* Debug */,
				56BF77F01DDA7E3F00F117A9 /* Release */,
			);
			defaultConfigurationIsVisible = 0;
			defaultConfigurationName = Release;
		};
		56BF77F11DDA7E3F00F117A9 /* Build configuration list for PBXNativeTarget "SpriteGame" */ = {
			isa = XCConfigurationList;
			buildConfigurations = (
				56BF77F21DDA7E3F00F117A9 /* Debug */,
				56BF77F31DDA7E3F00F117A9 /* Release */,
			);
			defaultConfigurationIsVisible = 0;
			defaultConfigurationName = Release;
		};
/* End XCConfigurationList section */
	};
	rootObject = 56BF77DA1DDA7E3F00F117A9 /* Project object */;
}
